{
  "nodes": {
    "nixpkgs": {
      "locked": {
        "lastModified": 1747485343,
        "narHash": "sha256-YbsZyuRE1tobO9sv0PUwg81QryYo3L1F3R3rF9bcG38=",
        "owner": "NixOS",
        "repo": "nixpkgs",
        "rev": "9b5ac7ad45298d58640540d0323ca217f32a6762",
        "type": "github"
      },
      "original": {
        "owner": "NixOS",
        "ref": "nixos-24.11",
        "repo": "nixpkgs",
        "type": "github"
      }
    },
    "root": {
      "inputs": {
        "nixpkgs": "nixpkgs",
        "rust-overlay": "rust-overlay"
      }
    },
    "rust-overlay": {
      "inputs": {
        "nixpkgs": [
          "nixpkgs"
        ]
      },
      "locked": {
        "lastModified": 1747449297,
        "narHash": "sha256-veyXchTz6eWwvuW5X49UluHkheHkFcqHJSwGuKBhrmQ=",
        "owner": "oxalica",
        "repo": "rust-overlay",
        "rev": "f44db7d7cea4528288780c6347756173a8248225",
        "type": "github"
      },
      "original": {
        "owner": "oxalica",
        "repo": "rust-overlay",
        "type": "github"
      }
    }
  },
  "root": "root",
  "version": 7
}
